{
  "requires": true,
  "lockfileVersion": 1,
  "dependencies": {
    "@babel/polyfill": {
      "version": "7.12.1",
      "resolved": "https://registry.npmjs.org/@babel/polyfill/-/polyfill-7.12.1.tgz",
      "integrity": "sha512-X0pi0V6gxLi6lFZpGmeNa4zxtwEmCs42isWLNjZZDE0Y8yVfgu0T2OAHlzBbdYlqbW/YXVvoBHpATEM+goCj8g==",
      "requires": {
        "core-js": "^2.6.5",
        "regenerator-runtime": "^0.13.4"
      }
    },
    "@babel/runtime": {
      "version": "7.18.9",
      "resolved": "https://registry.npmjs.org/@babel/runtime/-/runtime-7.18.9.tgz",
      "integrity": "sha512-lkqXDcvlFT5rvEjiu6+QYO+1GXrEHRo2LOtS7E4GtX5ESIZOgepqsZBVIj6Pv+a6zqsya9VCgiK1KAK4BvJDAw==",
      "requires": {
        "regenerator-runtime": "^0.13.4"
      }
    },
    "@sentry/browser": {
      "version": "7.7.0",
      "resolved": "https://registry.npmjs.org/@sentry/browser/-/browser-7.7.0.tgz",
      "integrity": "sha512-oyzpWcsjVZTaf14zAL89Ng1DUHlbjN+V8pl8dR9Y9anphbzL5BK9p0fSK4kPIrO4GukK+XrKnLJDPuE/o7WR3g==",
      "requires": {
        "@sentry/core": "7.7.0",
        "@sentry/types": "7.7.0",
        "@sentry/utils": "7.7.0",
        "tslib": "^1.9.3"
      }
    },
    "@sentry/core": {
      "version": "7.7.0",
      "resolved": "https://registry.npmjs.org/@sentry/core/-/core-7.7.0.tgz",
      "integrity": "sha512-Z15ACiuiFINFcK4gbMrnejLn4AVjKBPJOWKrrmpIe8mh+Y9diOuswt5mMUABs+jhpZvqht3PBLLGBL0WMsYMYA==",
      "requires": {
        "@sentry/hub": "7.7.0",
        "@sentry/types": "7.7.0",
        "@sentry/utils": "7.7.0",
        "tslib": "^1.9.3"
      }
    },
    "@sentry/hub": {
      "version": "7.7.0",
      "resolved": "https://registry.npmjs.org/@sentry/hub/-/hub-7.7.0.tgz",
      "integrity": "sha512-6gydK234+a0nKhBRDdIJ7Dp42CaiW2juTiHegUVDq+482balVzbZyEAmESCmuzKJhx5BhlCElVxs/cci1NjMpg==",
      "requires": {
        "@sentry/types": "7.7.0",
        "@sentry/utils": "7.7.0",
        "tslib": "^1.9.3"
      }
    },
    "@sentry/types": {
      "version": "7.7.0",
      "resolved": "https://registry.npmjs.org/@sentry/types/-/types-7.7.0.tgz",
      "integrity": "sha512-4x8O7uerSGLnYC10krHl9t8h7xXHn5FextqKYbTCXCnx2hC8D+9lz8wcbQAFo0d97wiUYqI8opmEgFVGx7c5hQ=="
    },
    "@sentry/utils": {
      "version": "7.7.0",
      "resolved": "https://registry.npmjs.org/@sentry/utils/-/utils-7.7.0.tgz",
      "integrity": "sha512-fD+ROSFpeJlK7bEvUT2LOW7QqgjBpXJwVISKZ0P2fuzclRC3KoB2pbZgBM4PXMMTiSzRGWhvfRRjBiBvQJBBJQ==",
      "requires": {
        "@sentry/types": "7.7.0",
        "tslib": "^1.9.3"
      }
    },
    "@sentry/vue": {
      "version": "7.7.0",
      "resolved": "https://registry.npmjs.org/@sentry/vue/-/vue-7.7.0.tgz",
      "integrity": "sha512-0gtUJ5ngdEYS2CnlOW76U6sMs5RoALpfhk7QMqPn7nGCMHP2uthwi8/T1HMKjg5JTZqLcfssf059fg3ZnhpGYQ==",
      "requires": {
        "@sentry/browser": "7.7.0",
        "@sentry/core": "7.7.0",
        "@sentry/types": "7.7.0",
        "@sentry/utils": "7.7.0",
        "tslib": "^1.9.3"
      }
    },
    "clear-cut": {
      "version": "2.0.2",
      "resolved": "https://registry.npmjs.org/clear-cut/-/clear-cut-2.0.2.tgz",
      "integrity": "sha512-WVgn/gSejQ+0aoR8ucbKIdo6icduPZW6AbWwyUmAUgxy63rUYjwa5rj/HeoNPhf0/XPrl82X8bO/hwBkSmsFtg=="
    },
    "core-js": {
      "version": "2.6.12",
      "resolved": "https://registry.npmjs.org/core-js/-/core-js-2.6.12.tgz",
      "integrity": "sha512-Kb2wC0fvsWfQrgk8HU5lW6U/Lcs8+9aaYcy4ZFc6DDlo4nZ7n70dEgE5rtR0oG6ufKDUnrwfWL1mXR5ljDatrQ=="
    },
    "css-tree": {
      "version": "1.1.3",
      "resolved": "https://registry.npmjs.org/css-tree/-/css-tree-1.1.3.tgz",
      "integrity": "sha512-tRpdppF7TRazZrjJ6v3stzv93qxRcSsFmW6cX0Zm2NVKpxE1WV1HblnghVv9TreireHkqI/VDEsfolRF1p6y7Q==",
      "requires": {
        "mdn-data": "2.0.14",
        "source-map": "^0.6.1"
      }
    },
    "d": {
      "version": "1.0.1",
      "resolved": "https://registry.npmjs.org/d/-/d-1.0.1.tgz",
      "integrity": "sha512-m62ShEObQ39CfralilEQRjH6oAMtNCV1xJyEx5LpRYUVN+EviphDgUc/F3hnYbADmkiNs67Y+3ylmlG7Lnu+FA==",
      "requires": {
        "es5-ext": "^0.10.50",
        "type": "^1.0.1"
      }
    },
    "es5-ext": {
      "version": "0.10.62",
      "resolved": "https://registry.npmjs.org/es5-ext/-/es5-ext-0.10.62.tgz",
      "integrity": "sha512-BHLqn0klhEpnOKSrzn/Xsz2UIW8j+cGmo9JLzr8BiUapV8hPL9+FliFqjwr9ngW7jWdnxv6eO+/LqyhJVqgrjA==",
      "requires": {
        "es6-iterator": "^2.0.3",
        "es6-symbol": "^3.1.3",
        "next-tick": "^1.1.0"
      }
    },
    "es6-iterator": {
      "version": "2.0.3",
      "resolved": "https://registry.npmjs.org/es6-iterator/-/es6-iterator-2.0.3.tgz",
      "integrity": "sha512-zw4SRzoUkd+cl+ZoE15A9o1oQd920Bb0iOJMQkQhl3jNc03YqVjAhG7scf9C5KWRU/R13Orf588uCC6525o02g==",
      "requires": {
        "d": "1",
        "es5-ext": "^0.10.35",
        "es6-symbol": "^3.1.1"
      }
    },
    "es6-symbol": {
      "version": "3.1.3",
      "resolved": "https://registry.npmjs.org/es6-symbol/-/es6-symbol-3.1.3.tgz",
      "integrity": "sha512-NJ6Yn3FuDinBaBRWl/q5X/s4koRHBrgKAu+yGI6JCBeiu3qrcbJhwT2GeR/EXVfylRk8dpQVJoLEFhK+Mu31NA==",
      "requires": {
        "d": "^1.0.1",
        "ext": "^1.1.2"
      }
    },
    "event-emitter": {
      "version": "0.3.5",
      "resolved": "https://registry.npmjs.org/event-emitter/-/event-emitter-0.3.5.tgz",
      "integrity": "sha512-D9rRn9y7kLPnJ+hMq7S/nhvoKwwvVJahBi2BPmx3bvbsEdK3W9ii8cBSGjP+72/LnM4n6fo3+dkCX5FeTQruXA==",
      "requires": {
        "d": "1",
        "es5-ext": "~0.10.14"
      }
    },
    "ext": {
      "version": "1.6.0",
      "resolved": "https://registry.npmjs.org/ext/-/ext-1.6.0.tgz",
      "integrity": "sha512-sdBImtzkq2HpkdRLtlLWDa6w4DX22ijZLKx8BMPUuKe1c5lbN6xwQDQCxSfxBQnHZ13ls/FH0MQZx/q/gr6FQg==",
      "requires": {
        "type": "^2.5.0"
      },
      "dependencies": {
        "type": {
          "version": "2.7.2",
          "resolved": "https://registry.npmjs.org/type/-/type-2.7.2.tgz",
          "integrity": "sha512-dzlvlNlt6AXU7EBSfpAscydQ7gXB+pPGsPnfJnZpiNJBDj7IaJzQlBZYGdEi4R9HmPdBv2XmWJ6YUtoTa7lmCw=="
        }
      }
    },
    "mdn-data": {
      "version": "2.0.14",
      "resolved": "https://registry.npmjs.org/mdn-data/-/mdn-data-2.0.14.tgz",
      "integrity": "sha512-dn6wd0uw5GsdswPFfsgMp5NSB0/aDe6fK94YJV/AJDYXL6HVLWBsxeq7js7Ad+mU2K9LAlwpk6kN2D5mwCPVow=="
    },
    "next-tick": {
      "version": "1.1.0",
      "resolved": "https://registry.npmjs.org/next-tick/-/next-tick-1.1.0.tgz",
      "integrity": "sha512-CXdUiJembsNjuToQvxayPZF9Vqht7hewsvy2sOWafLvi2awflj9mOC6bHIg50orX8IJvWKY9wYQ/zB2kogPslQ=="
    },
    "pagedjs": {
      "version": "0.3.5",
      "resolved": "https://registry.npmjs.org/pagedjs/-/pagedjs-0.3.5.tgz",
      "integrity": "sha512-pDdshfTBLXEOUg7Mk/krZX84EjKoDlSpzkDigJSXk+k3wz2h0XKhze1VEVgtcEmIy5r2Avnd8Iy7GUtxZh79VQ==",
      "requires": {
        "@babel/polyfill": "^7.10.1",
        "@babel/runtime": "^7.17.8",
        "clear-cut": "^2.0.2",
        "css-tree": "^1.1.3",
        "event-emitter": "^0.3.5"
      }
    },
    "regenerator-runtime": {
      "version": "0.13.9",
      "resolved": "https://registry.npmjs.org/regenerator-runtime/-/regenerator-runtime-0.13.9.tgz",
      "integrity": "sha512-p3VT+cOEgxFsRRA9X4lkI1E+k2/CtnKtU4gcxyaCUreilL/vqI6CdZ3wxVUx3UOUg+gnUOQQcRI7BmSI656MYA=="
    },
    "source-map": {
      "version": "0.6.1",
      "resolved": "https://registry.npmjs.org/source-map/-/source-map-0.6.1.tgz",
      "integrity": "sha512-UjgapumWlbMhkBgzT7Ykc5YXUT46F0iKu8SGXq0bcwP5dz/h0Plj6enJqjz1Zbq2l5WaqYnrVbwWOWMyF3F47g=="
    },
    "tslib": {
      "version": "1.14.1",
      "resolved": "https://registry.npmjs.org/tslib/-/tslib-1.14.1.tgz",
      "integrity": "sha512-Xni35NKzjgMrwevysHTCArtLDpPvye8zV/0E4EyYn43P7/7qvQwPh9BGkHewbMulVntbigmcT7rdX3BNo9wRJg=="
    },
    "type": {
      "version": "1.2.0",
      "resolved": "https://registry.npmjs.org/type/-/type-1.2.0.tgz",
      "integrity": "sha512-+5nt5AAniqsCnu2cEQQdpzCAh33kVx8n0VoFidKpB1dVVLAN/F+bgVOqOJqOnEnrhp222clB5p3vUlD+1QAnfg=="
    }
  }
}
